
Microsoft Visual Studio Solution File, Format Version 12.00
# Visual Studio Version 16
VisualStudioVersion = 16.0.30907.101
MinimumVisualStudioVersion = 10.0.40219.1
Project("{FAE04EC0-301F-11D3-BF4B-00C04F79EFBC}") = "CountryApi", "CountryApi\CountryApi.csproj", "{74CFA6DB-8F1F-4AE8-BDCB-0D4AF9C1AE2C}"
EndProject
Global
	GlobalSection(SolutionConfigurationPlatforms) = preSolution
		Debug|Any CPU = Debug|Any CPU
		Release|Any CPU = Release|Any CPU
	EndGlobalSection
	GlobalSection(ProjectConfigurationPlatforms) = postSolution
		{74CFA6DB-8F1F-4AE8-BDCB-0D4AF9C1AE2C}.Debug|Any CPU.ActiveCfg = Debug|Any CPU
		{74CFA6DB-8F1F-4AE8-BDCB-0D4AF9C1AE2C}.Debug|Any CPU.Build.0 = Debug|Any CPU
		{74CFA6DB-8F1F-4AE8-BDCB-0D4AF9C1AE2C}.Release|Any CPU.ActiveCfg = Release|Any CPU
		{74CFA6DB-8F1F-4AE8-BDCB-0D4AF9C1AE2C}.Release|Any CPU.Build.0 = Release|Any CPU
	EndGlobalSection
	GlobalSection(SolutionProperties) = preSolution
		HideSolutionNode = FALSE
	EndGlobalSection
	GlobalSection(ExtensibilityGlobals) = postSolution
		SolutionGuid = {E0DFB755-6DC6-4C5F-8170-2B837FA73843}
	EndGlobalSection
EndGlobal
